<?xml version="1.0" encoding="utf-8"?>
<Project ToolsVersion="4.0" xmlns="http://schemas.microsoft.com/developer/msbuild/2003">
  <ItemGroup>
    <ClCompile Include="PreCompile.cpp" />
    <ClCompile Include="ContentsCore.cpp" />
    <ClCompile Include="PlayLevel.cpp">
      <Filter>Level</Filter>
    </ClCompile>
    <ClCompile Include="Player.cpp">
      <Filter>Object</Filter>
    </ClCompile>
    <ClCompile Include="TitleLevel.cpp">
      <Filter>Level</Filter>
    </ClCompile>
    <ClCompile Include="TownMap.cpp">
      <Filter>Object</Filter>
    </ClCompile>
    <ClCompile Include="Monster.cpp">
      <Filter>Object</Filter>
    </ClCompile>
    <ClCompile Include="Title.cpp" />
    <ClCompile Include="TutorialMap.cpp" />
    <ClCompile Include="Player_State.cpp" />
    <ClCompile Include="Tutorial_Map_Manager.cpp" />
    <ClCompile Include="TutorialMap_02.cpp" />
    <ClCompile Include="TutorialMap_03.cpp" />
    <ClCompile Include="TutorialMap_04.cpp" />
    <ClCompile Include="Object_jar.cpp" />
    <ClCompile Include="Tutorial_Map_05.cpp" />
    <ClCompile Include="Tutorial_Map_06.cpp" />
    <ClCompile Include="Spear.cpp" />
    <ClCompile Include="Spear_State.cpp" />
    <ClCompile Include="Monster_Manager.cpp" />
    <ClCompile Include="Slime_Potal.cpp" />
    <ClCompile Include="Wizard_State.cpp" />
    <ClCompile Include="Spear_Effect.cpp" />
    <ClCompile Include="Player_UI.cpp" />
    <ClCompile Include="gloem_Wazard_Missile.cpp" />
    <ClCompile Include="WorldLevel.cpp">
      <Filter>Level</Filter>
    </ClCompile>
    <ClCompile Include="Shop_House.cpp" />
    <ClCompile Include="ShopLevel.cpp" />
    <ClCompile Include="TutorialLevel.cpp">
      <Filter>Level</Filter>
    </ClCompile>
    <ClCompile Include="Dungeon_Entrance_Level.cpp">
      <Filter>Level</Filter>
    </ClCompile>
    <ClCompile Include="Dungeon_Entrance_Map.cpp" />
    <ClCompile Include="ContentsControlWindow.cpp" />
    <ClCompile Include="TileMap.cpp" />
    <ClCompile Include="Dungeon_Map_01.cpp" />
    <ClCompile Include="Map_Manager.cpp" />
    <ClCompile Include="Dungeon_Map_02.cpp" />
    <ClCompile Include="Dungeon_Map_03.cpp" />
    <ClCompile Include="Dungeon_Map_04.cpp" />
    <ClCompile Include="Dungeon_Map_05.cpp" />
    <ClCompile Include="Dungeon_Map_06.cpp" />
    <ClCompile Include="Dungeon_Map_07.cpp" />
    <ClCompile Include="Dungeon_Map_08.cpp" />
    <ClCompile Include="Dungeon_Map_09.cpp" />
    <ClCompile Include="Dungeon_Map_10.cpp" />
    <ClCompile Include="Random_Room.cpp" />
    <ClCompile Include="Dungeon_Map_00.cpp" />
    <ClCompile Include="Monster_Place.cpp" />
    <ClCompile Include="CameraCollision.cpp" />
    <ClCompile Include="BabySilme_State.cpp">
      <Filter>Monster</Filter>
    </ClCompile>
    <ClCompile Include="BabySlime.cpp">
      <Filter>Monster</Filter>
    </ClCompile>
    <ClCompile Include="golem_Solder.cpp">
      <Filter>Monster</Filter>
    </ClCompile>
    <ClCompile Include="Golem_Solder_State.cpp">
      <Filter>Monster</Filter>
    </ClCompile>
    <ClCompile Include="golem_Stone.cpp">
      <Filter>Monster</Filter>
    </ClCompile>
    <ClCompile Include="golem_Stone_State.cpp">
      <Filter>Monster</Filter>
    </ClCompile>
    <ClCompile Include="golem_Wazard_Missile_State.cpp">
      <Filter>Monster</Filter>
    </ClCompile>
    <ClCompile Include="golem_Wizard.cpp">
      <Filter>Monster</Filter>
    </ClCompile>
    <ClCompile Include="golemturret.cpp">
      <Filter>Monster</Filter>
    </ClCompile>
    <ClCompile Include="golemturret_missile.cpp">
      <Filter>Monster</Filter>
    </ClCompile>
    <ClCompile Include="golemturret_missile_State.cpp">
      <Filter>Monster</Filter>
    </ClCompile>
    <ClCompile Include="golemturret_State.cpp">
      <Filter>Monster</Filter>
    </ClCompile>
    <ClCompile Include="SlimeHermit.cpp">
      <Filter>Monster</Filter>
    </ClCompile>
    <ClCompile Include="SlimeHermit_State.cpp">
      <Filter>Monster</Filter>
    </ClCompile>
    <ClCompile Include="MiniBoss_State.cpp">
      <Filter>Monster</Filter>
    </ClCompile>
    <ClCompile Include="MiniBoss.cpp">
      <Filter>Monster</Filter>
    </ClCompile>
    <ClCompile Include="Boss_Monster.cpp" />
    <ClCompile Include="Boss_Monster_State.cpp" />
    <ClCompile Include="Boss_Map.cpp" />
  </ItemGroup>
  <ItemGroup>
    <ClInclude Include="PreCompile.h" />
    <ClInclude Include="ContentsCore.h" />
    <ClInclude Include="PlayLevel.h">
      <Filter>Level</Filter>
    </ClInclude>
    <ClInclude Include="Player.h">
      <Filter>Object</Filter>
    </ClInclude>
    <ClInclude Include="TitleLevel.h">
      <Filter>Level</Filter>
    </ClInclude>
    <ClInclude Include="TownMap.h">
      <Filter>Object</Filter>
    </ClInclude>
    <ClInclude Include="Monster.h">
      <Filter>Object</Filter>
    </ClInclude>
    <ClInclude Include="ContentsEnum.h">
      <Filter>Global</Filter>
    </ClInclude>
    <ClInclude Include="Title.h" />
    <ClInclude Include="TutorialMap.h" />
    <ClInclude Include="Tutorial_Map_Manager.h" />
    <ClInclude Include="TutorialMap_02.h" />
    <ClInclude Include="TutorialMap_03.h" />
    <ClInclude Include="TutorialMap_04.h" />
    <ClInclude Include="Object_jar.h" />
    <ClInclude Include="Tutorial_Map_05.h" />
    <ClInclude Include="Tutorial_Map_06.h" />
    <ClInclude Include="Spear.h" />
    <ClInclude Include="Monster_Manager.h" />
    <ClInclude Include="Slime_Potal.h" />
    <ClInclude Include="Spear_Effect.h" />
    <ClInclude Include="Player_UI.h" />
    <ClInclude Include="gloem_Wazard_Missile.h" />
    <ClInclude Include="WorldLevel.h">
      <Filter>Level</Filter>
    </ClInclude>
    <ClInclude Include="Shop_House.h" />
    <ClInclude Include="ShopLevel.h" />
    <ClInclude Include="TutorialLevel.h">
      <Filter>Level</Filter>
    </ClInclude>
    <ClInclude Include="Dungeon_Entrance_Level.h">
      <Filter>Level</Filter>
    </ClInclude>
    <ClInclude Include="Dungeon_Entrance_Map.h" />
    <ClInclude Include="ContentsControlWindow.h" />
    <ClInclude Include="TileMap.h" />
    <ClInclude Include="Dungeon_Map_01.h" />
    <ClInclude Include="Map_Manager.h" />
    <ClInclude Include="Dungeon_Map_02.h" />
    <ClInclude Include="Dungeon_Map_03.h" />
    <ClInclude Include="Dungeon_Map_04.h" />
    <ClInclude Include="Dungeon_Map_05.h" />
    <ClInclude Include="Dungeon_Map_06.h" />
    <ClInclude Include="Dungeon_Map_07.h" />
    <ClInclude Include="Dungeon_Map_08.h" />
    <ClInclude Include="Dungeon_Map_09.h" />
    <ClInclude Include="Dungeon_Map_10.h" />
    <ClInclude Include="Random_Room.h" />
    <ClInclude Include="Dungeon_Map_00.h" />
    <ClInclude Include="Monster_Place.h" />
    <ClInclude Include="CameraCollision.h" />
    <ClInclude Include="BabySlime.h">
      <Filter>Monster</Filter>
    </ClInclude>
    <ClInclude Include="golem_Solder.h">
      <Filter>Monster</Filter>
    </ClInclude>
    <ClInclude Include="golem_Stone.h">
      <Filter>Monster</Filter>
    </ClInclude>
    <ClInclude Include="golem_Wizard.h">
      <Filter>Monster</Filter>
    </ClInclude>
    <ClInclude Include="golemturret.h">
      <Filter>Monster</Filter>
    </ClInclude>
    <ClInclude Include="golemturret_missile.h">
      <Filter>Monster</Filter>
    </ClInclude>
    <ClInclude Include="SlimeHermit.h">
      <Filter>Monster</Filter>
    </ClInclude>
    <ClInclude Include="MiniBoss.h">
      <Filter>Monster</Filter>
    </ClInclude>
    <ClInclude Include="Boss_Monster.h" />
    <ClInclude Include="Boss_Map.h" />
  </ItemGroup>
  <ItemGroup>
    <Filter Include="Level">
      <UniqueIdentifier>{c9a2e832-8d6b-49de-ac34-3e11f6f95c4b}</UniqueIdentifier>
    </Filter>
    <Filter Include="Object">
      <UniqueIdentifier>{5149ea30-97f1-47b8-922c-87826f277675}</UniqueIdentifier>
    </Filter>
    <Filter Include="Global">
      <UniqueIdentifier>{ca09bba4-fac2-48d7-bd82-8680ddecfb32}</UniqueIdentifier>
    </Filter>
    <Filter Include="Monster">
      <UniqueIdentifier>{69535fab-9904-4b1b-a41e-16cfd8cfbb3b}</UniqueIdentifier>
    </Filter>
  </ItemGroup>
</Project>