<?xml version="1.0" encoding="utf-8"?>
<Project ToolsVersion="4.0" xmlns="http://schemas.microsoft.com/developer/msbuild/2003">
  <ItemGroup>
    <ClCompile Include="PreCompile.cpp" />
    <ClCompile Include="ContentsCore.cpp" />
    <ClCompile Include="PlayLevel.cpp">
      <Filter>Level</Filter>
    </ClCompile>
    <ClCompile Include="Player.cpp">
      <Filter>Object</Filter>
    </ClCompile>
    <ClCompile Include="TitleLevel.cpp">
      <Filter>Level</Filter>
    </ClCompile>
    <ClCompile Include="TownMap.cpp">
      <Filter>Object</Filter>
    </ClCompile>
    <ClCompile Include="Monster.cpp">
      <Filter>Object</Filter>
    </ClCompile>
    <ClCompile Include="Object_jar.cpp" />
    <ClCompile Include="WorldLevel.cpp">
      <Filter>Level</Filter>
    </ClCompile>
    <ClCompile Include="TutorialLevel.cpp">
      <Filter>Level</Filter>
    </ClCompile>
    <ClCompile Include="Dungeon_Entrance_Level.cpp">
      <Filter>Level</Filter>
    </ClCompile>
    <ClCompile Include="CameraCollision.cpp" />
    <ClCompile Include="BabySilme_State.cpp">
      <Filter>Monster</Filter>
    </ClCompile>
    <ClCompile Include="BabySlime.cpp">
      <Filter>Monster</Filter>
    </ClCompile>
    <ClCompile Include="golem_Solder.cpp">
      <Filter>Monster</Filter>
    </ClCompile>
    <ClCompile Include="Golem_Solder_State.cpp">
      <Filter>Monster</Filter>
    </ClCompile>
    <ClCompile Include="golem_Stone.cpp">
      <Filter>Monster</Filter>
    </ClCompile>
    <ClCompile Include="golem_Stone_State.cpp">
      <Filter>Monster</Filter>
    </ClCompile>
    <ClCompile Include="golem_Wazard_Missile_State.cpp">
      <Filter>Monster</Filter>
    </ClCompile>
    <ClCompile Include="golem_Wizard.cpp">
      <Filter>Monster</Filter>
    </ClCompile>
    <ClCompile Include="golemturret.cpp">
      <Filter>Monster</Filter>
    </ClCompile>
    <ClCompile Include="golemturret_missile.cpp">
      <Filter>Monster</Filter>
    </ClCompile>
    <ClCompile Include="golemturret_missile_State.cpp">
      <Filter>Monster</Filter>
    </ClCompile>
    <ClCompile Include="golemturret_State.cpp">
      <Filter>Monster</Filter>
    </ClCompile>
    <ClCompile Include="SlimeHermit.cpp">
      <Filter>Monster</Filter>
    </ClCompile>
    <ClCompile Include="SlimeHermit_State.cpp">
      <Filter>Monster</Filter>
    </ClCompile>
    <ClCompile Include="MiniBoss_State.cpp">
      <Filter>Monster</Filter>
    </ClCompile>
    <ClCompile Include="MiniBoss.cpp">
      <Filter>Monster</Filter>
    </ClCompile>
    <ClCompile Include="Tutorial_Map_05.cpp">
      <Filter>Tutorial_Map</Filter>
    </ClCompile>
    <ClCompile Include="Tutorial_Map_06.cpp">
      <Filter>Tutorial_Map</Filter>
    </ClCompile>
    <ClCompile Include="Tutorial_Map_Manager.cpp">
      <Filter>Tutorial_Map</Filter>
    </ClCompile>
    <ClCompile Include="TutorialMap.cpp">
      <Filter>Tutorial_Map</Filter>
    </ClCompile>
    <ClCompile Include="TutorialMap_02.cpp">
      <Filter>Tutorial_Map</Filter>
    </ClCompile>
    <ClCompile Include="TutorialMap_03.cpp">
      <Filter>Tutorial_Map</Filter>
    </ClCompile>
    <ClCompile Include="TutorialMap_04.cpp">
      <Filter>Tutorial_Map</Filter>
    </ClCompile>
    <ClCompile Include="Dungeon_Map_00.cpp">
      <Filter>Dungeon_Map</Filter>
    </ClCompile>
    <ClCompile Include="Dungeon_Map_01.cpp">
      <Filter>Dungeon_Map</Filter>
    </ClCompile>
    <ClCompile Include="Dungeon_Map_02.cpp">
      <Filter>Dungeon_Map</Filter>
    </ClCompile>
    <ClCompile Include="Dungeon_Map_03.cpp">
      <Filter>Dungeon_Map</Filter>
    </ClCompile>
    <ClCompile Include="Dungeon_Map_04.cpp">
      <Filter>Dungeon_Map</Filter>
    </ClCompile>
    <ClCompile Include="Dungeon_Map_05.cpp">
      <Filter>Dungeon_Map</Filter>
    </ClCompile>
    <ClCompile Include="Dungeon_Map_06.cpp">
      <Filter>Dungeon_Map</Filter>
    </ClCompile>
    <ClCompile Include="Dungeon_Map_07.cpp">
      <Filter>Dungeon_Map</Filter>
    </ClCompile>
    <ClCompile Include="Dungeon_Map_08.cpp">
      <Filter>Dungeon_Map</Filter>
    </ClCompile>
    <ClCompile Include="Dungeon_Map_09.cpp">
      <Filter>Dungeon_Map</Filter>
    </ClCompile>
    <ClCompile Include="Dungeon_Map_10.cpp">
      <Filter>Dungeon_Map</Filter>
    </ClCompile>
    <ClCompile Include="Boss_Map.cpp">
      <Filter>Dungeon_Map</Filter>
    </ClCompile>
    <ClCompile Include="Boss_Monster.cpp">
      <Filter>Monster</Filter>
    </ClCompile>
    <ClCompile Include="Boss_Monster_State.cpp">
      <Filter>Monster</Filter>
    </ClCompile>
    <ClCompile Include="ContentsControlWindow.cpp">
      <Filter>Gui</Filter>
    </ClCompile>
    <ClCompile Include="Monster_Manager.cpp">
      <Filter>Monster</Filter>
    </ClCompile>
    <ClCompile Include="gloem_Wazard_Missile.cpp">
      <Filter>Monster</Filter>
    </ClCompile>
    <ClCompile Include="Monster_Place.cpp">
      <Filter>Monster</Filter>
    </ClCompile>
    <ClCompile Include="Map_Manager.cpp">
      <Filter>Dungeon_Map</Filter>
    </ClCompile>
    <ClCompile Include="Player_State.cpp">
      <Filter>Player</Filter>
    </ClCompile>
    <ClCompile Include="Player_UI.cpp">
      <Filter>Player</Filter>
    </ClCompile>
    <ClCompile Include="Spear.cpp">
      <Filter>Weapon</Filter>
    </ClCompile>
    <ClCompile Include="Spear_Effect.cpp">
      <Filter>Weapon</Filter>
    </ClCompile>
    <ClCompile Include="Spear_State.cpp">
      <Filter>Weapon</Filter>
    </ClCompile>
    <ClCompile Include="Dungeon_Entrance_Map.cpp">
      <Filter>Dungeon_Entrance</Filter>
    </ClCompile>
    <ClCompile Include="Slime_Potal.cpp">
      <Filter>Tutorial_Map</Filter>
    </ClCompile>
    <ClCompile Include="Random_Room.cpp">
      <Filter>Dungeon_Map</Filter>
    </ClCompile>
    <ClCompile Include="Shop_House.cpp">
      <Filter>Shop</Filter>
    </ClCompile>
    <ClCompile Include="ShopLevel.cpp">
      <Filter>Shop</Filter>
    </ClCompile>
    <ClCompile Include="Path_Finder_Level.cpp">
      <Filter>Level</Filter>
    </ClCompile>
    <ClCompile Include="TileMap.cpp">
      <Filter>Dungeon_Map</Filter>
    </ClCompile>
    <ClCompile Include="Title.cpp">
      <Filter>Dungeon_Map</Filter>
    </ClCompile>
    <ClCompile Include="Wizard_State.cpp">
      <Filter>Monster</Filter>
    </ClCompile>
    <ClCompile Include="Boss_Arm.cpp" />
    <ClCompile Include="Boss_Arm_State.cpp" />
    <ClCompile Include="Arm_Shadow.cpp" />
    <ClCompile Include="Boss_Brick.cpp" />
  </ItemGroup>
  <ItemGroup>
    <ClInclude Include="PreCompile.h" />
    <ClInclude Include="ContentsCore.h" />
    <ClInclude Include="PlayLevel.h">
      <Filter>Level</Filter>
    </ClInclude>
    <ClInclude Include="Player.h">
      <Filter>Object</Filter>
    </ClInclude>
    <ClInclude Include="TitleLevel.h">
      <Filter>Level</Filter>
    </ClInclude>
    <ClInclude Include="TownMap.h">
      <Filter>Object</Filter>
    </ClInclude>
    <ClInclude Include="Monster.h">
      <Filter>Object</Filter>
    </ClInclude>
    <ClInclude Include="ContentsEnum.h">
      <Filter>Global</Filter>
    </ClInclude>
    <ClInclude Include="Object_jar.h" />
    <ClInclude Include="WorldLevel.h">
      <Filter>Level</Filter>
    </ClInclude>
    <ClInclude Include="TutorialLevel.h">
      <Filter>Level</Filter>
    </ClInclude>
    <ClInclude Include="Dungeon_Entrance_Level.h">
      <Filter>Level</Filter>
    </ClInclude>
    <ClInclude Include="CameraCollision.h" />
    <ClInclude Include="BabySlime.h">
      <Filter>Monster</Filter>
    </ClInclude>
    <ClInclude Include="golem_Solder.h">
      <Filter>Monster</Filter>
    </ClInclude>
    <ClInclude Include="golem_Stone.h">
      <Filter>Monster</Filter>
    </ClInclude>
    <ClInclude Include="golem_Wizard.h">
      <Filter>Monster</Filter>
    </ClInclude>
    <ClInclude Include="golemturret.h">
      <Filter>Monster</Filter>
    </ClInclude>
    <ClInclude Include="golemturret_missile.h">
      <Filter>Monster</Filter>
    </ClInclude>
    <ClInclude Include="SlimeHermit.h">
      <Filter>Monster</Filter>
    </ClInclude>
    <ClInclude Include="MiniBoss.h">
      <Filter>Monster</Filter>
    </ClInclude>
    <ClInclude Include="Tutorial_Map_05.h">
      <Filter>Tutorial_Map</Filter>
    </ClInclude>
    <ClInclude Include="Tutorial_Map_06.h">
      <Filter>Tutorial_Map</Filter>
    </ClInclude>
    <ClInclude Include="Tutorial_Map_Manager.h">
      <Filter>Tutorial_Map</Filter>
    </ClInclude>
    <ClInclude Include="TutorialMap.h">
      <Filter>Tutorial_Map</Filter>
    </ClInclude>
    <ClInclude Include="TutorialMap_02.h">
      <Filter>Tutorial_Map</Filter>
    </ClInclude>
    <ClInclude Include="TutorialMap_03.h">
      <Filter>Tutorial_Map</Filter>
    </ClInclude>
    <ClInclude Include="TutorialMap_04.h">
      <Filter>Tutorial_Map</Filter>
    </ClInclude>
    <ClInclude Include="Dungeon_Map_00.h">
      <Filter>Dungeon_Map</Filter>
    </ClInclude>
    <ClInclude Include="Dungeon_Map_01.h">
      <Filter>Dungeon_Map</Filter>
    </ClInclude>
    <ClInclude Include="Dungeon_Map_02.h">
      <Filter>Dungeon_Map</Filter>
    </ClInclude>
    <ClInclude Include="Dungeon_Map_03.h">
      <Filter>Dungeon_Map</Filter>
    </ClInclude>
    <ClInclude Include="Dungeon_Map_04.h">
      <Filter>Dungeon_Map</Filter>
    </ClInclude>
    <ClInclude Include="Dungeon_Map_05.h">
      <Filter>Dungeon_Map</Filter>
    </ClInclude>
    <ClInclude Include="Dungeon_Map_06.h">
      <Filter>Dungeon_Map</Filter>
    </ClInclude>
    <ClInclude Include="Dungeon_Map_07.h">
      <Filter>Dungeon_Map</Filter>
    </ClInclude>
    <ClInclude Include="Dungeon_Map_08.h">
      <Filter>Dungeon_Map</Filter>
    </ClInclude>
    <ClInclude Include="Dungeon_Map_09.h">
      <Filter>Dungeon_Map</Filter>
    </ClInclude>
    <ClInclude Include="Dungeon_Map_10.h">
      <Filter>Dungeon_Map</Filter>
    </ClInclude>
    <ClInclude Include="Boss_Map.h">
      <Filter>Dungeon_Map</Filter>
    </ClInclude>
    <ClInclude Include="Boss_Monster.h">
      <Filter>Monster</Filter>
    </ClInclude>
    <ClInclude Include="ContentsControlWindow.h">
      <Filter>Gui</Filter>
    </ClInclude>
    <ClInclude Include="Monster_Manager.h">
      <Filter>Monster</Filter>
    </ClInclude>
    <ClInclude Include="gloem_Wazard_Missile.h">
      <Filter>Monster</Filter>
    </ClInclude>
    <ClInclude Include="Monster_Place.h">
      <Filter>Monster</Filter>
    </ClInclude>
    <ClInclude Include="Map_Manager.h">
      <Filter>Dungeon_Map</Filter>
    </ClInclude>
    <ClInclude Include="Player_UI.h">
      <Filter>Player</Filter>
    </ClInclude>
    <ClInclude Include="Spear.h">
      <Filter>Weapon</Filter>
    </ClInclude>
    <ClInclude Include="Spear_Effect.h">
      <Filter>Weapon</Filter>
    </ClInclude>
    <ClInclude Include="Dungeon_Entrance_Map.h">
      <Filter>Dungeon_Entrance</Filter>
    </ClInclude>
    <ClInclude Include="Slime_Potal.h">
      <Filter>Tutorial_Map</Filter>
    </ClInclude>
    <ClInclude Include="Random_Room.h">
      <Filter>Dungeon_Map</Filter>
    </ClInclude>
    <ClInclude Include="Shop_House.h">
      <Filter>Shop</Filter>
    </ClInclude>
    <ClInclude Include="ShopLevel.h">
      <Filter>Shop</Filter>
    </ClInclude>
    <ClInclude Include="Path_Finder_Level.h">
      <Filter>Level</Filter>
    </ClInclude>
    <ClInclude Include="TileMap.h">
      <Filter>Dungeon_Map</Filter>
    </ClInclude>
    <ClInclude Include="Title.h">
      <Filter>Dungeon_Map</Filter>
    </ClInclude>
    <ClInclude Include="Boss_Arm.h" />
    <ClInclude Include="Arm_Shadow.h" />
    <ClInclude Include="Boss_Brick.h" />
  </ItemGroup>
  <ItemGroup>
    <Filter Include="Level">
      <UniqueIdentifier>{c9a2e832-8d6b-49de-ac34-3e11f6f95c4b}</UniqueIdentifier>
    </Filter>
    <Filter Include="Object">
      <UniqueIdentifier>{5149ea30-97f1-47b8-922c-87826f277675}</UniqueIdentifier>
    </Filter>
    <Filter Include="Global">
      <UniqueIdentifier>{ca09bba4-fac2-48d7-bd82-8680ddecfb32}</UniqueIdentifier>
    </Filter>
    <Filter Include="Monster">
      <UniqueIdentifier>{69535fab-9904-4b1b-a41e-16cfd8cfbb3b}</UniqueIdentifier>
    </Filter>
    <Filter Include="Tutorial_Map">
      <UniqueIdentifier>{2fbda321-0aa5-4d4a-9f30-d35615614ca5}</UniqueIdentifier>
    </Filter>
    <Filter Include="Dungeon_Map">
      <UniqueIdentifier>{7c601af6-12ca-4678-b04d-7a93df5c2677}</UniqueIdentifier>
    </Filter>
    <Filter Include="Gui">
      <UniqueIdentifier>{e64a9cb5-5e95-4d94-97b1-b89447be37a0}</UniqueIdentifier>
    </Filter>
    <Filter Include="Player">
      <UniqueIdentifier>{aa7be64f-ed90-4aa7-bd37-a5c41b818de0}</UniqueIdentifier>
    </Filter>
    <Filter Include="Weapon">
      <UniqueIdentifier>{091c1074-3091-4a8e-8f73-fecbf5d8971e}</UniqueIdentifier>
    </Filter>
    <Filter Include="Dungeon_Entrance">
      <UniqueIdentifier>{31c56c9b-c99b-46a5-9257-651e16d0549d}</UniqueIdentifier>
    </Filter>
    <Filter Include="Shop">
      <UniqueIdentifier>{018e0b83-63e8-4780-afc3-47ca33ff6c7f}</UniqueIdentifier>
    </Filter>
  </ItemGroup>
</Project>