<?xml version="1.0" encoding="utf-8"?>
<Project ToolsVersion="4.0" xmlns="http://schemas.microsoft.com/developer/msbuild/2003">
  <ItemGroup>
    <ClCompile Include="PreCompile.cpp" />
    <ClCompile Include="ContentsCore.cpp" />
    <ClCompile Include="PlayLevel.cpp">
      <Filter>Level</Filter>
    </ClCompile>
    <ClCompile Include="Player.cpp">
      <Filter>Object</Filter>
    </ClCompile>
  </ItemGroup>
  <ItemGroup>
    <ClInclude Include="PreCompile.h" />
    <ClInclude Include="ContentsCore.h" />
    <ClInclude Include="PlayLevel.h">
      <Filter>Level</Filter>
    </ClInclude>
    <ClInclude Include="Player.h">
      <Filter>Object</Filter>
    </ClInclude>
  </ItemGroup>
  <ItemGroup>
    <Filter Include="Level">
      <UniqueIdentifier>{c9a2e832-8d6b-49de-ac34-3e11f6f95c4b}</UniqueIdentifier>
    </Filter>
    <Filter Include="Object">
      <UniqueIdentifier>{5149ea30-97f1-47b8-922c-87826f277675}</UniqueIdentifier>
    </Filter>
  </ItemGroup>
</Project>