<?xml version="1.0" encoding="utf-8"?>
<Project ToolsVersion="4.0" xmlns="http://schemas.microsoft.com/developer/msbuild/2003">
  <ItemGroup>
    <ClCompile Include="PreCompile.cpp" />
    <ClCompile Include="ContentsCore.cpp" />
    <ClCompile Include="PlayLevel.cpp">
      <Filter>Level</Filter>
    </ClCompile>
    <ClCompile Include="Player.cpp">
      <Filter>Object</Filter>
    </ClCompile>
    <ClCompile Include="TitleLevel.cpp">
      <Filter>Level</Filter>
    </ClCompile>
    <ClCompile Include="PlayMap.cpp">
      <Filter>Object</Filter>
    </ClCompile>
    <ClCompile Include="Monster.cpp">
      <Filter>Object</Filter>
    </ClCompile>
    <ClCompile Include="Title.cpp" />
    <ClCompile Include="TutorialLevel.cpp" />
    <ClCompile Include="TutorialMap.cpp" />
    <ClCompile Include="Player_State.cpp" />
    <ClCompile Include="Tutorial_Map_Manager.cpp" />
    <ClCompile Include="TutorialMap_02.cpp" />
    <ClCompile Include="TutorialMap_03.cpp" />
    <ClCompile Include="TutorialMap_04.cpp" />
    <ClCompile Include="Object_jar.cpp" />
    <ClCompile Include="Tutorial_Map_05.cpp" />
    <ClCompile Include="Tutorial_Map_06.cpp" />
    <ClCompile Include="Spear.cpp" />
    <ClCompile Include="Spear_State.cpp" />
    <ClCompile Include="BabySlime.cpp" />
    <ClCompile Include="BabySilme_State.cpp" />
    <ClCompile Include="golemturret.cpp" />
    <ClCompile Include="golemturret_State.cpp" />
    <ClCompile Include="golemturret_missile.cpp" />
    <ClCompile Include="golemturret_missile_State.cpp" />
    <ClCompile Include="Monster_Manager.cpp" />
    <ClCompile Include="Slime_Potal.cpp" />
    <ClCompile Include="golem_Wizard.cpp" />
    <ClCompile Include="Wizard_State.cpp" />
    <ClCompile Include="golem_Solder.cpp" />
    <ClCompile Include="Golem_Solder_State.cpp" />
  </ItemGroup>
  <ItemGroup>
    <ClInclude Include="PreCompile.h" />
    <ClInclude Include="ContentsCore.h" />
    <ClInclude Include="PlayLevel.h">
      <Filter>Level</Filter>
    </ClInclude>
    <ClInclude Include="Player.h">
      <Filter>Object</Filter>
    </ClInclude>
    <ClInclude Include="TitleLevel.h">
      <Filter>Level</Filter>
    </ClInclude>
    <ClInclude Include="PlayMap.h">
      <Filter>Object</Filter>
    </ClInclude>
    <ClInclude Include="Monster.h">
      <Filter>Object</Filter>
    </ClInclude>
    <ClInclude Include="ContentsEnum.h">
      <Filter>Global</Filter>
    </ClInclude>
    <ClInclude Include="Title.h" />
    <ClInclude Include="TutorialLevel.h" />
    <ClInclude Include="TutorialMap.h" />
    <ClInclude Include="Tutorial_Map_Manager.h" />
    <ClInclude Include="TutorialMap_02.h" />
    <ClInclude Include="TutorialMap_03.h" />
    <ClInclude Include="TutorialMap_04.h" />
    <ClInclude Include="Object_jar.h" />
    <ClInclude Include="Tutorial_Map_05.h" />
    <ClInclude Include="Tutorial_Map_06.h" />
    <ClInclude Include="Spear.h" />
    <ClInclude Include="BabySlime.h" />
    <ClInclude Include="golemturret.h" />
    <ClInclude Include="golemturret_missile.h" />
    <ClInclude Include="Monster_Manager.h" />
    <ClInclude Include="Slime_Potal.h" />
    <ClInclude Include="golem_Wizard.h" />
    <ClInclude Include="golem_Solder.h" />
  </ItemGroup>
  <ItemGroup>
    <Filter Include="Level">
      <UniqueIdentifier>{c9a2e832-8d6b-49de-ac34-3e11f6f95c4b}</UniqueIdentifier>
    </Filter>
    <Filter Include="Object">
      <UniqueIdentifier>{5149ea30-97f1-47b8-922c-87826f277675}</UniqueIdentifier>
    </Filter>
    <Filter Include="Global">
      <UniqueIdentifier>{ca09bba4-fac2-48d7-bd82-8680ddecfb32}</UniqueIdentifier>
    </Filter>
  </ItemGroup>
</Project>